// !$*UTF8*$!
{
	archiveVersion = 1;
	classes = {
	};
	objectVersion = 46;
	objects = {

/* Begin PBXBuildFile section */
		D1883F971B2F59BF00275A2D /* main.m in Sources */ = {isa = PBXBuildFile; fileRef = D1883F961B2F59BF00275A2D /* main.m */; };
		D1A71D011B2F5C5100046402 /* Dikdortgen.m in Sources */ = {isa = PBXBuildFile; fileRef = D1A71D001B2F5C5100046402 /* Dikdortgen.m */; };
/* End PBXBuildFile section */

/* Begin PBXCopyFilesBuildPhase section */
		D1883F911B2F59BD00275A2D /* CopyFiles */ = {
			isa = PBXCopyFilesBuildPhase;
			buildActionMask = 2147483647;
			dstPath = /usr/share/man/man1/;
			dstSubfolderSpec = 0;
			files = (
			);
			runOnlyForDeploymentPostprocessing = 1;
		};
/* End PBXCopyFilesBuildPhase section */

/* Begin PBXFileReference section */
		D1883F931B2F59BE00275A2D /* Application Practices */ = {isa = PBXFileReference; explicitFileType = "compiled.mach-o.executable"; includeInIndex = 0; path = "Application Practices"; sourceTree = BUILT_PRODUCTS_DIR; };
		D1883F961B2F59BF00275A2D /* main.m */ = {isa = PBXFileReference; lastKnownFileType = sourcecode.c.objc; path = main.m; sourceTree = "<group>"; };
		D1A71D001B2F5C5100046402 /* Dikdortgen.m */ = {isa = PBXFileReference; fileEncoding = 4; lastKnownFileType = sourcecode.c.objc; path = Dikdortgen.m; sourceTree = "<group>"; };
		D1E656E31B2F6BA800C4F69C /* NSObject+Daire.h */ = {isa = PBXFileReference; fileEncoding = 4; lastKnownFileType = sourcecode.c.h; path = "NSObject+Daire.h"; sourceTree = "<group>"; };
/* End PBXFileReference section */

/* Begin PBXFrameworksBuildPhase section */
		D1883F901B2F59BD00275A2D /* Frameworks */ = {
			isa = PBXFrameworksBuildPhase;
			buildActionMask = 2147483647;
			files = (
			);
			runOnlyForDeploymentPostprocessing = 0;
		};
/* End PBXFrameworksBuildPhase section */

/* Begin PBXGroup section */
		D1883F8A1B2F59BD00275A2D = {
			isa = PBXGroup;
			children = (
				D1883F951B2F59BE00275A2D /* Application Practices */,
				D1883F941B2F59BE00275A2D /* Products */,
			);
			sourceTree = "<group>";
		};
		D1883F941B2F59BE00275A2D /* Products */ = {
			isa = PBXGroup;
			children = (
				D1883F931B2F59BE00275A2D /* Application Practices */,
			);
			name = Products;
			sourceTree = "<group>";
		};
		D1883F951B2F59BE00275A2D /* Application Practices */ = {
			isa = PBXGroup;
			children = (
				D1E656E31B2F6BA800C4F69C /* NSObject+Daire.h */,
				D1883F961B2F59BF00275A2D /* main.m */,
				D1A71D001B2F5C5100046402 /* Dikdortgen.m */,
			);
			path = "Application Practices";
			sourceTree = "<group>";
		};
/* End PBXGroup section */

/* Begin PBXNativeTarget section */
		D1883F921B2F59BD00275A2D /* Application Practices */ = {
			isa = PBXNativeTarget;
			buildConfigurationList = D1883F9A1B2F59BF00275A2D /* Build configuration list for PBXNativeTarget "Application Practices" */;
			buildPhases = (
				D1883F8F1B2F59BD00275A2D /* Sources */,
				D1883F901B2F59BD00275A2D /* Frameworks */,
				D1883F911B2F59BD00275A2D /* CopyFiles */,
			);
			buildRules = (
			);
			dependencies = (
			);
			name = "Application Practices";
			productName = "Application Practices";
			productReference = D1883F931B2F59BE00275A2D /* Application Practices */;
			productType = "com.apple.product-type.tool";
		};
/* End PBXNativeTarget section */

/* Begin PBXProject section */
		D1883F8B1B2F59BD00275A2D /* Project object */ = {
			isa = PBXProject;
			attributes = {
				LastUpgradeCheck = 0630;
				ORGANIZATIONNAME = "Sedatcan Sonat";
				TargetAttributes = {
					D1883F921B2F59BD00275A2D = {
						CreatedOnToolsVersion = 6.3.2;
					};
				};
			};
			buildConfigurationList = D1883F8E1B2F59BD00275A2D /* Build configuration list for PBXProject "Application Practices" */;
			compatibilityVersion = "Xcode 3.2";
			developmentRegion = English;
			hasScannedForEncodings = 0;
			knownRegions = (
				en,
			);
			mainGroup = D1883F8A1B2F59BD00275A2D;
			productRefGroup = D1883F941B2F59BE00275A2D /* Products */;
			projectDirPath = "";
			projectRoot = "";
			targets = (
				D1883F921B2F59BD00275A2D /* Application Practices */,
			);
		};
/* End PBXProject section */

/* Begin PBXSourcesBuildPhase section */
		D1883F8F1B2F59BD00275A2D /* Sources */ = {
			isa = PBXSourcesBuildPhase;
			buildActionMask = 2147483647;
			files = (
				D1A71D011B2F5C5100046402 /* Dikdortgen.m in Sources */,
				D1883F971B2F59BF00275A2D /* main.m in Sources */,
			);
			runOnlyForDeploymentPostprocessing = 0;
		};
/* End PBXSourcesBuildPhase section */

/* Begin XCBuildConfiguration section */
		D1883F981B2F59BF00275A2D /* Debug */ = {
			isa = XCBuildConfiguration;
			buildSettings = {
				ALWAYS_SEARCH_USER_PATHS = NO;
				CLANG_CXX_LANGUAGE_STANDARD = "gnu++0x";
				CLANG_CXX_LIBRARY = "libc++";
				CLANG_ENABLE_MODULES = YES;
				CLANG_ENABLE_OBJC_ARC = YES;
				CLANG_WARN_BOOL_CONVERSION = YES;
				CLANG_WARN_CONSTANT_CONVERSION = YES;
				CLANG_WARN_DIRECT_OBJC_ISA_USAGE = YES_ERROR;
				CLANG_WARN_EMPTY_BODY = YES;
				CLANG_WARN_ENUM_CONVERSION = YES;
				CLANG_WARN_INT_CONVERSION = YES;
				CLANG_WARN_OBJC_ROOT_CLASS = YES_ERROR;
				CLANG_WARN_UNREACHABLE_CODE = YES;
				CLANG_WARN__DUPLICATE_METHOD_MATCH = YES;
				COPY_PHASE_STRIP = NO;
				DEBUG_INFORMATION_FORMAT = dwarf;
				ENABLE_STRICT_OBJC_MSGSEND = YES;
				GCC_C_LANGUAGE_STANDARD = gnu99;
				GCC_DYNAMIC_NO_PIC = NO;
				GCC_NO_COMMON_BLOCKS = YES;
				GCC_OPTIMIZATION_LEVEL = 0;
				GCC_PREPROCESSOR_DEFINITIONS = (
					"DEBUG=1",
					"$(inherited)",
				);
				GCC_SYMBOLS_PRIVATE_EXTERN = NO;
				GCC_WARN_64_TO_32_BIT_CONVERSION = YES;
				GCC_WARN_ABOUT_RETURN_TYPE = YES_ERROR;
				GCC_WARN_UNDECLARED_SELECTOR = YES;
				GCC_WARN_UNINITIALIZED_AUTOS = YES_AGGRESSIVE;
				GCC_WARN_UNUSED_FUNCTION = YES;
				GCC_WARN_UNUSED_VARIABLE = YES;
				MACOSX_DEPLOYMENT_TARGET = 10.10;
				MTL_ENABLE_DEBUG_INFO = YES;
				ONLY_ACTIVE_ARCH = YES;
				SDKROOT = macosx;
			};
			name = Debug;
		};
		D1883F991B2F59BF00275A2D /* Release */ = {
			isa = XCBuildConfiguration;
			buildSettings = {
				ALWAYS_SEARCH_USER_PATHS = NO;
				CLANG_CXX_LANGUAGE_STANDARD = "gnu++0x";
				CLANG_CXX_LIBRARY = "libc++";
				CLANG_ENABLE_MODULES = YES;
				CLANG_ENABLE_OBJC_ARC = YES;
				CLANG_WARN_BOOL_CONVERSION = YES;
				CLANG_WARN_CONSTANT_CONVERSION = YES;
				CLANG_WARN_DIRECT_OBJC_ISA_USAGE = YES_ERROR;
				CLANG_WARN_EMPTY_BODY = YES;
				CLANG_WARN_ENUM_CONVERSION = YES;
				CLANG_WARN_INT_CONVERSION = YES;
				CLANG_WARN_OBJC_ROOT_CLASS = YES_ERROR;
				CLANG_WARN_UNREACHABLE_CODE = YES;
				CLANG_WARN__DUPLICATE_METHOD_MATCH = YES;
				COPY_PHASE_STRIP = NO;
				DEBUG_INFORMATION_FORMAT = "dwarf-with-dsym";
				ENABLE_NS_ASSERTIONS = NO;
				ENABLE_STRICT_OBJC_MSGSEND = YES;
				GCC_C_LANGUAGE_STANDARD = gnu99;
				GCC_NO_COMMON_BLOCKS = YES;
				GCC_WARN_64_TO_32_BIT_CONVERSION = YES;
				GCC_WARN_ABOUT_RETURN_TYPE = YES_ERROR;
				GCC_WARN_UNDECLARED_SELECTOR = YES;
				GCC_WARN_UNINITIALIZED_AUTOS = YES_AGGRESSIVE;
				GCC_WARN_UNUSED_FUNCTION = YES;
				GCC_WARN_UNUSED_VARIABLE = YES;
				MACOSX_DEPLOYMENT_TARGET = 10.10;
				MTL_ENABLE_DEBUG_INFO = NO;
				SDKROOT = macosx;
			};
			name = Release;
		};
		D1883F9B1B2F59BF00275A2D /* Debug */ = {
			isa = XCBuildConfiguration;
			buildSettings = {
				CLANG_ENABLE_OBJC_ARC = NO;
				PRODUCT_NAME = "$(TARGET_NAME)";
			};
			name = Debug;
		};
		D1883F9C1B2F59BF00275A2D /* Release */ = {
			isa = XCBuildConfiguration;
			buildSettings = {
				CLANG_ENABLE_OBJC_ARC = NO;
				PRODUCT_NAME = "$(TARGET_NAME)";
			};
			name = Release;
		};
/* End XCBuildConfiguration section */

/* Begin XCConfigurationList section */
		D1883F8E1B2F59BD00275A2D /* Build configuration list for PBXProject "Application Practices" */ = {
			isa = XCConfigurationList;
			buildConfigurations = (
				D1883F981B2F59BF00275A2D /* Debug */,
				D1883F991B2F59BF00275A2D /* Release */,
			);
			defaultConfigurationIsVisible = 0;
			defaultConfigurationName = Release;
		};
		D1883F9A1B2F59BF00275A2D /* Build configuration list for PBXNativeTarget "Application Practices" */ = {
			isa = XCConfigurationList;
			buildConfigurations = (
				D1883F9B1B2F59BF00275A2D /* Debug */,
				D1883F9C1B2F59BF00275A2D /* Release */,
			);
			defaultConfigurationIsVisible = 0;
			defaultConfigurationName = Release;
		};
/* End XCConfigurationList section */
	};
	rootObject = D1883F8B1B2F59BD00275A2D /* Project object */;
}
